
Microsoft Visual Studio Solution File, Format Version 11.00
# Visual Studio 2010
Project("{8BC9CEB8-8B4A-11D0-8D11-00A0C91BC942}") = "SolveMeFirst", "SolveMeFirst\SolveMeFirst.vcxproj", "{41F65B18-0B24-448E-AEA8-61CEDC0E1B00}"
EndProject
Global
	GlobalSection(SolutionConfigurationPlatforms) = preSolution
		Debug|Win32 = Debug|Win32
		Release|Win32 = Release|Win32
	EndGlobalSection
	GlobalSection(ProjectConfigurationPlatforms) = postSolution
		{41F65B18-0B24-448E-AEA8-61CEDC0E1B00}.Debug|Win32.ActiveCfg = Debug|Win32
		{41F65B18-0B24-448E-AEA8-61CEDC0E1B00}.Debug|Win32.Build.0 = Debug|Win32
		{41F65B18-0B24-448E-AEA8-61CEDC0E1B00}.Release|Win32.ActiveCfg = Release|Win32
		{41F65B18-0B24-448E-AEA8-61CEDC0E1B00}.Release|Win32.Build.0 = Release|Win32
	EndGlobalSection
	GlobalSection(SolutionProperties) = preSolution
		HideSolutionNode = FALSE
	EndGlobalSection
EndGlobal
